
Microsoft Visual Studio Solution File, Format Version 12.00
# Visual Studio Version 17
VisualStudioVersion = 17.3.32929.385
MinimumVisualStudioVersion = 10.0.40219.1
Project("{FAE04EC0-301F-11D3-BF4B-00C04F79EFBC}") = "newbtc", "newbtc\newbtc.csproj", "{380A7721-1529-420F-BC46-3F0B60CC7C56}"
EndProject
Global
	GlobalSection(SolutionConfigurationPlatforms) = preSolution
		Debug|Any CPU = Debug|Any CPU
		Release|Any CPU = Release|Any CPU
	EndGlobalSection
	GlobalSection(ProjectConfigurationPlatforms) = postSolution
		{380A7721-1529-420F-BC46-3F0B60CC7C56}.Debug|Any CPU.ActiveCfg = Debug|Any CPU
		{380A7721-1529-420F-BC46-3F0B60CC7C56}.Debug|Any CPU.Build.0 = Debug|Any CPU
		{380A7721-1529-420F-BC46-3F0B60CC7C56}.Release|Any CPU.ActiveCfg = Release|Any CPU
		{380A7721-1529-420F-BC46-3F0B60CC7C56}.Release|Any CPU.Build.0 = Release|Any CPU
	EndGlobalSection
	GlobalSection(SolutionProperties) = preSolution
		HideSolutionNode = FALSE
	EndGlobalSection
	GlobalSection(ExtensibilityGlobals) = postSolution
		SolutionGuid = {12373BD2-5B15-485B-872F-DEABC62B07FB}
	EndGlobalSection
EndGlobal
